{
  "name": "zeppelin-que-spell",
  "version": "1.0.0",
  "lockfileVersion": 1,
  "requires": true,
  "dependencies": {
    "cytoscape": {
      "version": "3.20.0",
      "resolved": "https://registry.npmjs.org/cytoscape/-/cytoscape-3.20.0.tgz",
      "integrity": "sha512-V2OUoav8ltY9UPgdjuhQOqkkWT28IbJODioWCjcnLqmjym9lMpnD0ie0vdQCdAiZapjbTGAv8aoKmmSuVcC1gA==",
      "requires": {
        "heap": "^0.2.6",
        "lodash.debounce": "^4.0.8"
      }
    },
    "cytoscape-dagre": {
      "version": "2.2.2",
      "resolved": "https://registry.npmjs.org/cytoscape-dagre/-/cytoscape-dagre-2.2.2.tgz",
      "integrity": "sha512-zsg36qNwua/L2stJSWkcbSDcvW3E6VZf6KRe6aLnQJxuXuz89tMqI5EVYVKEcNBgzTEzFMFv0PE3T0nD4m6VDw==",
      "requires": {
        "dagre": "^0.8.2"
      }
    },
    "cytoscape-euler": {
      "version": "1.2.1",
      "resolved": "https://registry.npmjs.org/cytoscape-euler/-/cytoscape-euler-1.2.1.tgz",
      "integrity": "sha512-co7D/k2rELJtjRXE2oiS0TD6IaIa3peylCRuNiSSjSg68YXITFl8aCWeJ+ufv7DjXqtiQ1LxeESPPXy+7UP3mA=="
    },
    "cytoscape-even-parent": {
      "version": "1.1.1",
      "resolved": "https://registry.npmjs.org/cytoscape-even-parent/-/cytoscape-even-parent-1.1.1.tgz",
      "integrity": "sha512-cXtVewmN9HGRaqEnizCnrRMNAZCKDDJQHyP1ni0AqUzyHNlkPcxHNm9SAzR1a6ey6JPI3fjtn88zdw/6g0cOuw=="
    },
    "dagre": {
      "version": "0.8.5",
      "resolved": "https://registry.npmjs.org/dagre/-/dagre-0.8.5.tgz",
      "integrity": "sha512-/aTqmnRta7x7MCCpExk7HQL2O4owCT2h8NT//9I1OQ9vt29Pa0BzSAkR5lwFUcQ7491yVi/3CXU9jQ5o0Mn2Sw==",
      "requires": {
        "graphlib": "^2.1.8",
        "lodash": "^4.17.15"
      }
    },
    "graphlib": {
      "version": "2.1.8",
      "resolved": "https://registry.npmjs.org/graphlib/-/graphlib-2.1.8.tgz",
      "integrity": "sha512-jcLLfkpoVGmH7/InMC/1hIvOPSUh38oJtGhvrOFGzioE1DZ+0YW16RgmOJhHiuWTvGiJQ9Z1Ik43JvkRPRvE+A==",
      "requires": {
        "lodash": "^4.17.15"
      }
    },
    "heap": {
      "version": "0.2.7",
      "resolved": "https://registry.npmjs.org/heap/-/heap-0.2.7.tgz",
      "integrity": "sha512-2bsegYkkHO+h/9MGbn6KWcE45cHZgPANo5LXF7EvWdT0yT2EguSVO1nDgU5c8+ZOPwp2vMNa7YFsJhVcDR9Sdg=="
    },
    "lodash": {
      "version": "4.17.21",
      "resolved": "https://registry.npmjs.org/lodash/-/lodash-4.17.21.tgz",
      "integrity": "sha512-v2kDEe57lecTulaDIuNTPy3Ry4gLGJ6Z1O3vE1krgXZNrsQ+LFTGHVxVjcXPs17LhbZVGedAJv8XZ1tvj5FvSg=="
    },
    "lodash.debounce": {
      "version": "4.0.8",
      "resolved": "https://registry.npmjs.org/lodash.debounce/-/lodash.debounce-4.0.8.tgz",
      "integrity": "sha1-gteb/zCmfEAF/9XiUVMArZyk168="
    },
    "zeppelin-spell": {
      "version": "1.0.0",
      "resolved": "https://registry.npmjs.org/zeppelin-spell/-/zeppelin-spell-1.0.0.tgz",
      "integrity": "sha1-0IE4jhGT7LzpT3KxXUqtVMejzDc="
    }
  }
}
